
Microsoft Visual Studio Solution File, Format Version 12.00
# Visual Studio Version 17
VisualStudioVersion = 17.10.35013.160
MinimumVisualStudioVersion = 10.0.40219.1
Project("{FAE04EC0-301F-11D3-BF4B-00C04F79EFBC}") = "EfficiencyMode", "EfficiencyMode\EfficiencyMode.csproj", "{2CFAD7D7-3A2C-4FC1-8352-57CA92CED0E8}"
EndProject
Global
	GlobalSection(SolutionConfigurationPlatforms) = preSolution
		Debug|Any CPU = Debug|Any CPU
		Release|Any CPU = Release|Any CPU
	EndGlobalSection
	GlobalSection(ProjectConfigurationPlatforms) = postSolution
		{2CFAD7D7-3A2C-4FC1-8352-57CA92CED0E8}.Debug|Any CPU.ActiveCfg = Debug|Any CPU
		{2CFAD7D7-3A2C-4FC1-8352-57CA92CED0E8}.Debug|Any CPU.Build.0 = Debug|Any CPU
		{2CFAD7D7-3A2C-4FC1-8352-57CA92CED0E8}.Release|Any CPU.ActiveCfg = Release|Any CPU
		{2CFAD7D7-3A2C-4FC1-8352-57CA92CED0E8}.Release|Any CPU.Build.0 = Release|Any CPU
	EndGlobalSection
	GlobalSection(SolutionProperties) = preSolution
		HideSolutionNode = FALSE
	EndGlobalSection
	GlobalSection(ExtensibilityGlobals) = postSolution
		SolutionGuid = {5CB2260B-B0AF-45DF-AA14-97E89FD51EB1}
	EndGlobalSection
EndGlobal
