
Microsoft Visual Studio Solution File, Format Version 12.00
# Visual Studio Version 17
VisualStudioVersion = 17.14.36804.6 d17.14
MinimumVisualStudioVersion = 10.0.40219.1
Project("{FAE04EC0-301F-11D3-BF4B-00C04F79EFBC}") = "online", "online\online.csproj", "{A388A27E-DF13-4440-8F41-D4E856DAE419}"
EndProject
Global
	GlobalSection(SolutionConfigurationPlatforms) = preSolution
		Debug|Any CPU = Debug|Any CPU
		Release|Any CPU = Release|Any CPU
	EndGlobalSection
	GlobalSection(ProjectConfigurationPlatforms) = postSolution
		{A388A27E-DF13-4440-8F41-D4E856DAE419}.Debug|Any CPU.ActiveCfg = Debug|Any CPU
		{A388A27E-DF13-4440-8F41-D4E856DAE419}.Debug|Any CPU.Build.0 = Debug|Any CPU
		{A388A27E-DF13-4440-8F41-D4E856DAE419}.Release|Any CPU.ActiveCfg = Release|Any CPU
		{A388A27E-DF13-4440-8F41-D4E856DAE419}.Release|Any CPU.Build.0 = Release|Any CPU
	EndGlobalSection
	GlobalSection(SolutionProperties) = preSolution
		HideSolutionNode = FALSE
	EndGlobalSection
	GlobalSection(ExtensibilityGlobals) = postSolution
		SolutionGuid = {B4498174-EBA2-4760-AC97-A4FF08C28C22}
	EndGlobalSection
EndGlobal
